
Microsoft Visual Studio Solution File, Format Version 12.00
# Visual Studio 15
VisualStudioVersion = 15.0.28010.2003
MinimumVisualStudioVersion = 10.0.40219.1
Project("{FAE04EC0-301F-11D3-BF4B-00C04F79EFBC}") = "Client_", "Client_\Client_.csproj", "{6847C8E0-49BF-43BD-BF66-AAF95CE8719D}"
EndProject
Global
	GlobalSection(SolutionConfigurationPlatforms) = preSolution
		Debug|Any CPU = Debug|Any CPU
		Release|Any CPU = Release|Any CPU
	EndGlobalSection
	GlobalSection(ProjectConfigurationPlatforms) = postSolution
		{6847C8E0-49BF-43BD-BF66-AAF95CE8719D}.Debug|Any CPU.ActiveCfg = Debug|Any CPU
		{6847C8E0-49BF-43BD-BF66-AAF95CE8719D}.Debug|Any CPU.Build.0 = Debug|Any CPU
		{6847C8E0-49BF-43BD-BF66-AAF95CE8719D}.Release|Any CPU.ActiveCfg = Release|Any CPU
		{6847C8E0-49BF-43BD-BF66-AAF95CE8719D}.Release|Any CPU.Build.0 = Release|Any CPU
	EndGlobalSection
	GlobalSection(SolutionProperties) = preSolution
		HideSolutionNode = FALSE
	EndGlobalSection
	GlobalSection(ExtensibilityGlobals) = postSolution
		SolutionGuid = {0B59DC06-C1F2-469F-85AE-879338B9C8A2}
	EndGlobalSection
EndGlobal
